
Microsoft Visual Studio Solution File, Format Version 12.00
# Visual Studio Version 17
VisualStudioVersion = 17.0.31612.314
MinimumVisualStudioVersion = 10.0.40219.1
Project("{FAE04EC0-301F-11D3-BF4B-00C04F79EFBC}") = "HelloXamarin", "HelloXamarin\HelloXamarin\HelloXamarin.csproj", "{651CF3E3-77CB-4600-9E89-180A7A58BF81}"
EndProject
Project("{FAE04EC0-301F-11D3-BF4B-00C04F79EFBC}") = "HelloXamarin.Android", "HelloXamarin\HelloXamarin.Android\HelloXamarin.Android.csproj", "{B3861272-6E94-4A93-8BF2-C4A3ABD1D759}"
EndProject
Project("{FAE04EC0-301F-11D3-BF4B-00C04F79EFBC}") = "HelloXamarin.iOS", "HelloXamarin\HelloXamarin.iOS\HelloXamarin.iOS.csproj", "{CBF60A86-EA51-4375-95E4-D6F747107782}"
EndProject
Global
	GlobalSection(SolutionConfigurationPlatforms) = preSolution
		Debug|Any CPU = Debug|Any CPU
		Debug|iPhone = Debug|iPhone
		Debug|iPhoneSimulator = Debug|iPhoneSimulator
		Release|Any CPU = Release|Any CPU
		Release|iPhone = Release|iPhone
		Release|iPhoneSimulator = Release|iPhoneSimulator
	EndGlobalSection
	GlobalSection(ProjectConfigurationPlatforms) = postSolution
		{651CF3E3-77CB-4600-9E89-180A7A58BF81}.Debug|Any CPU.ActiveCfg = Debug|Any CPU
		{651CF3E3-77CB-4600-9E89-180A7A58BF81}.Debug|Any CPU.Build.0 = Debug|Any CPU
		{651CF3E3-77CB-4600-9E89-180A7A58BF81}.Debug|Any CPU.Deploy.0 = Debug|Any CPU
		{651CF3E3-77CB-4600-9E89-180A7A58BF81}.Debug|iPhone.ActiveCfg = Debug|Any CPU
		{651CF3E3-77CB-4600-9E89-180A7A58BF81}.Debug|iPhone.Build.0 = Debug|Any CPU
		{651CF3E3-77CB-4600-9E89-180A7A58BF81}.Debug|iPhone.Deploy.0 = Debug|Any CPU
		{651CF3E3-77CB-4600-9E89-180A7A58BF81}.Debug|iPhoneSimulator.ActiveCfg = Debug|Any CPU
		{651CF3E3-77CB-4600-9E89-180A7A58BF81}.Debug|iPhoneSimulator.Build.0 = Debug|Any CPU
		{651CF3E3-77CB-4600-9E89-180A7A58BF81}.Debug|iPhoneSimulator.Deploy.0 = Debug|Any CPU
		{651CF3E3-77CB-4600-9E89-180A7A58BF81}.Release|Any CPU.ActiveCfg = Release|Any CPU
		{651CF3E3-77CB-4600-9E89-180A7A58BF81}.Release|Any CPU.Build.0 = Release|Any CPU
		{651CF3E3-77CB-4600-9E89-180A7A58BF81}.Release|Any CPU.Deploy.0 = Release|Any CPU
		{651CF3E3-77CB-4600-9E89-180A7A58BF81}.Release|iPhone.ActiveCfg = Release|Any CPU
		{651CF3E3-77CB-4600-9E89-180A7A58BF81}.Release|iPhone.Build.0 = Release|Any CPU
		{651CF3E3-77CB-4600-9E89-180A7A58BF81}.Release|iPhone.Deploy.0 = Release|Any CPU
		{651CF3E3-77CB-4600-9E89-180A7A58BF81}.Release|iPhoneSimulator.ActiveCfg = Release|Any CPU
		{651CF3E3-77CB-4600-9E89-180A7A58BF81}.Release|iPhoneSimulator.Build.0 = Release|Any CPU
		{651CF3E3-77CB-4600-9E89-180A7A58BF81}.Release|iPhoneSimulator.Deploy.0 = Release|Any CPU
		{B3861272-6E94-4A93-8BF2-C4A3ABD1D759}.Debug|Any CPU.ActiveCfg = Debug|Any CPU
		{B3861272-6E94-4A93-8BF2-C4A3ABD1D759}.Debug|Any CPU.Build.0 = Debug|Any CPU
		{B3861272-6E94-4A93-8BF2-C4A3ABD1D759}.Debug|Any CPU.Deploy.0 = Debug|Any CPU
		{B3861272-6E94-4A93-8BF2-C4A3ABD1D759}.Debug|iPhone.ActiveCfg = Debug|Any CPU
		{B3861272-6E94-4A93-8BF2-C4A3ABD1D759}.Debug|iPhone.Build.0 = Debug|Any CPU
		{B3861272-6E94-4A93-8BF2-C4A3ABD1D759}.Debug|iPhone.Deploy.0 = Debug|Any CPU
		{B3861272-6E94-4A93-8BF2-C4A3ABD1D759}.Debug|iPhoneSimulator.ActiveCfg = Debug|Any CPU
		{B3861272-6E94-4A93-8BF2-C4A3ABD1D759}.Debug|iPhoneSimulator.Build.0 = Debug|Any CPU
		{B3861272-6E94-4A93-8BF2-C4A3ABD1D759}.Debug|iPhoneSimulator.Deploy.0 = Debug|Any CPU
		{B3861272-6E94-4A93-8BF2-C4A3ABD1D759}.Release|Any CPU.ActiveCfg = Release|Any CPU
		{B3861272-6E94-4A93-8BF2-C4A3ABD1D759}.Release|Any CPU.Build.0 = Release|Any CPU
		{B3861272-6E94-4A93-8BF2-C4A3ABD1D759}.Release|Any CPU.Deploy.0 = Release|Any CPU
		{B3861272-6E94-4A93-8BF2-C4A3ABD1D759}.Release|iPhone.ActiveCfg = Release|Any CPU
		{B3861272-6E94-4A93-8BF2-C4A3ABD1D759}.Release|iPhone.Build.0 = Release|Any CPU
		{B3861272-6E94-4A93-8BF2-C4A3ABD1D759}.Release|iPhone.Deploy.0 = Release|Any CPU
		{B3861272-6E94-4A93-8BF2-C4A3ABD1D759}.Release|iPhoneSimulator.ActiveCfg = Release|Any CPU
		{B3861272-6E94-4A93-8BF2-C4A3ABD1D759}.Release|iPhoneSimulator.Build.0 = Release|Any CPU
		{B3861272-6E94-4A93-8BF2-C4A3ABD1D759}.Release|iPhoneSimulator.Deploy.0 = Release|Any CPU
		{CBF60A86-EA51-4375-95E4-D6F747107782}.Debug|Any CPU.ActiveCfg = Debug|iPhone
		{CBF60A86-EA51-4375-95E4-D6F747107782}.Debug|Any CPU.Build.0 = Debug|iPhone
		{CBF60A86-EA51-4375-95E4-D6F747107782}.Debug|Any CPU.Deploy.0 = Debug|iPhone
		{CBF60A86-EA51-4375-95E4-D6F747107782}.Debug|iPhone.ActiveCfg = Debug|iPhone
		{CBF60A86-EA51-4375-95E4-D6F747107782}.Debug|iPhone.Build.0 = Debug|iPhone
		{CBF60A86-EA51-4375-95E4-D6F747107782}.Debug|iPhone.Deploy.0 = Debug|iPhone
		{CBF60A86-EA51-4375-95E4-D6F747107782}.Debug|iPhoneSimulator.ActiveCfg = Debug|iPhoneSimulator
		{CBF60A86-EA51-4375-95E4-D6F747107782}.Debug|iPhoneSimulator.Build.0 = Debug|iPhoneSimulator
		{CBF60A86-EA51-4375-95E4-D6F747107782}.Debug|iPhoneSimulator.Deploy.0 = Debug|iPhoneSimulator
		{CBF60A86-EA51-4375-95E4-D6F747107782}.Release|Any CPU.ActiveCfg = Release|iPhoneSimulator
		{CBF60A86-EA51-4375-95E4-D6F747107782}.Release|Any CPU.Build.0 = Release|iPhoneSimulator
		{CBF60A86-EA51-4375-95E4-D6F747107782}.Release|Any CPU.Deploy.0 = Release|iPhoneSimulator
		{CBF60A86-EA51-4375-95E4-D6F747107782}.Release|iPhone.ActiveCfg = Release|iPhone
		{CBF60A86-EA51-4375-95E4-D6F747107782}.Release|iPhone.Build.0 = Release|iPhone
		{CBF60A86-EA51-4375-95E4-D6F747107782}.Release|iPhone.Deploy.0 = Release|iPhone
		{CBF60A86-EA51-4375-95E4-D6F747107782}.Release|iPhoneSimulator.ActiveCfg = Release|iPhoneSimulator
		{CBF60A86-EA51-4375-95E4-D6F747107782}.Release|iPhoneSimulator.Build.0 = Release|iPhoneSimulator
		{CBF60A86-EA51-4375-95E4-D6F747107782}.Release|iPhoneSimulator.Deploy.0 = Release|iPhoneSimulator
	EndGlobalSection
	GlobalSection(SolutionProperties) = preSolution
		HideSolutionNode = FALSE
	EndGlobalSection
	GlobalSection(ExtensibilityGlobals) = postSolution
		SolutionGuid = {6BE49E61-BEF2-49C1-96DE-D55B49246472}
	EndGlobalSection
EndGlobal
